
Microsoft Visual Studio Solution File, Format Version 12.00
# Visual Studio Version 17
VisualStudioVersion = 17.5.002.0
MinimumVisualStudioVersion = 10.0.40219.1
Project("{9A19103F-16F7-4668-BE54-9A1E7A4F7556}") = "FrontEnd", "FrontEnd.csproj", "{BE5A827D-2267-474C-AA53-AACE9E624EDC}"
EndProject
Global
	GlobalSection(SolutionConfigurationPlatforms) = preSolution
		Debug|Any CPU = Debug|Any CPU
		Release|Any CPU = Release|Any CPU
	EndGlobalSection
	GlobalSection(ProjectConfigurationPlatforms) = postSolution
		{BE5A827D-2267-474C-AA53-AACE9E624EDC}.Debug|Any CPU.ActiveCfg = Debug|Any CPU
		{BE5A827D-2267-474C-AA53-AACE9E624EDC}.Debug|Any CPU.Build.0 = Debug|Any CPU
		{BE5A827D-2267-474C-AA53-AACE9E624EDC}.Release|Any CPU.ActiveCfg = Release|Any CPU
		{BE5A827D-2267-474C-AA53-AACE9E624EDC}.Release|Any CPU.Build.0 = Release|Any CPU
	EndGlobalSection
	GlobalSection(SolutionProperties) = preSolution
		HideSolutionNode = FALSE
	EndGlobalSection
	GlobalSection(ExtensibilityGlobals) = postSolution
		SolutionGuid = {A93D1452-9AD9-478A-ABE6-BBD3C8507484}
	EndGlobalSection
EndGlobal
